
Microsoft Visual Studio Solution File, Format Version 12.00
# Visual Studio 15
VisualStudioVersion = 15.0.27130.2010
MinimumVisualStudioVersion = 10.0.40219.1
Project("{FAE04EC0-301F-11D3-BF4B-00C04F79EFBC}") = "AutoDeploy", "AutoDeploy\AutoDeploy.csproj", "{D347F8D4-0E75-4858-8096-8978A27A270F}"
EndProject
Project("{FAE04EC0-301F-11D3-BF4B-00C04F79EFBC}") = "AutoDeployTests", "AutoDeployTests\AutoDeployTests.csproj", "{06E3A381-3F69-47BE-A38B-D5899B13B374}"
EndProject
Global
	GlobalSection(SolutionConfigurationPlatforms) = preSolution
		Debug|Any CPU = Debug|Any CPU
		Release|Any CPU = Release|Any CPU
	EndGlobalSection
	GlobalSection(ProjectConfigurationPlatforms) = postSolution
		{D347F8D4-0E75-4858-8096-8978A27A270F}.Debug|Any CPU.ActiveCfg = Debug|Any CPU
		{D347F8D4-0E75-4858-8096-8978A27A270F}.Debug|Any CPU.Build.0 = Debug|Any CPU
		{D347F8D4-0E75-4858-8096-8978A27A270F}.Release|Any CPU.ActiveCfg = Release|Any CPU
		{D347F8D4-0E75-4858-8096-8978A27A270F}.Release|Any CPU.Build.0 = Release|Any CPU
		{06E3A381-3F69-47BE-A38B-D5899B13B374}.Debug|Any CPU.ActiveCfg = Debug|Any CPU
		{06E3A381-3F69-47BE-A38B-D5899B13B374}.Debug|Any CPU.Build.0 = Debug|Any CPU
		{06E3A381-3F69-47BE-A38B-D5899B13B374}.Release|Any CPU.ActiveCfg = Release|Any CPU
		{06E3A381-3F69-47BE-A38B-D5899B13B374}.Release|Any CPU.Build.0 = Release|Any CPU
	EndGlobalSection
	GlobalSection(SolutionProperties) = preSolution
		HideSolutionNode = FALSE
	EndGlobalSection
	GlobalSection(ExtensibilityGlobals) = postSolution
		SolutionGuid = {0A3D3DD0-3A74-4F14-9E5B-06D9A45E2F16}
	EndGlobalSection
EndGlobal
